
Microsoft Visual Studio Solution File, Format Version 12.00
# Visual Studio 15
VisualStudioVersion = 15.0.28307.136
MinimumVisualStudioVersion = 10.0.40219.1
Project("{FAE04EC0-301F-11D3-BF4B-00C04F79EFBC}") = "ExstreamPackager", "ExstreamPackager\ExstreamPackager.csproj", "{A89B76D3-1AEE-4B81-B5EA-B25E4E357BA9}"
EndProject
Global
	GlobalSection(SolutionConfigurationPlatforms) = preSolution
		Debug|Any CPU = Debug|Any CPU
		Release|Any CPU = Release|Any CPU
	EndGlobalSection
	GlobalSection(ProjectConfigurationPlatforms) = postSolution
		{A89B76D3-1AEE-4B81-B5EA-B25E4E357BA9}.Debug|Any CPU.ActiveCfg = Debug|Any CPU
		{A89B76D3-1AEE-4B81-B5EA-B25E4E357BA9}.Debug|Any CPU.Build.0 = Debug|Any CPU
		{A89B76D3-1AEE-4B81-B5EA-B25E4E357BA9}.Release|Any CPU.ActiveCfg = Release|Any CPU
		{A89B76D3-1AEE-4B81-B5EA-B25E4E357BA9}.Release|Any CPU.Build.0 = Release|Any CPU
	EndGlobalSection
	GlobalSection(SolutionProperties) = preSolution
		HideSolutionNode = FALSE
	EndGlobalSection
	GlobalSection(ExtensibilityGlobals) = postSolution
		SolutionGuid = {AE8CD602-57A1-43A8-A82F-83DA4E9C3995}
	EndGlobalSection
EndGlobal
